
Microsoft Visual Studio Solution File, Format Version 11.00
# Visual Studio 2010
Project("{FAE04EC0-301F-11D3-BF4B-00C04F79EFBC}") = "YWDE", "Assembly-CSharp.csproj", "{B0050392-7DFE-A1A7-0F54-8D78EDC87FAE}"
EndProject
Project("{FAE04EC0-301F-11D3-BF4B-00C04F79EFBC}") = "YWDE", "Assembly-CSharp-Editor.csproj", "{C39E0AEE-0BF4-94E6-756F-78DB5FC313E2}"
EndProject
Global
	GlobalSection(SolutionConfigurationPlatforms) = preSolution
		Debug|Any CPU = Debug|Any CPU
		Release|Any CPU = Release|Any CPU
	EndGlobalSection
	GlobalSection(ProjectConfigurationPlatforms) = postSolution
		{B0050392-7DFE-A1A7-0F54-8D78EDC87FAE}.Debug|Any CPU.ActiveCfg = Debug|Any CPU
		{B0050392-7DFE-A1A7-0F54-8D78EDC87FAE}.Debug|Any CPU.Build.0 = Debug|Any CPU
		{B0050392-7DFE-A1A7-0F54-8D78EDC87FAE}.Release|Any CPU.ActiveCfg = Release|Any CPU
		{B0050392-7DFE-A1A7-0F54-8D78EDC87FAE}.Release|Any CPU.Build.0 = Release|Any CPU
		{C39E0AEE-0BF4-94E6-756F-78DB5FC313E2}.Debug|Any CPU.ActiveCfg = Debug|Any CPU
		{C39E0AEE-0BF4-94E6-756F-78DB5FC313E2}.Debug|Any CPU.Build.0 = Debug|Any CPU
		{C39E0AEE-0BF4-94E6-756F-78DB5FC313E2}.Release|Any CPU.ActiveCfg = Release|Any CPU
		{C39E0AEE-0BF4-94E6-756F-78DB5FC313E2}.Release|Any CPU.Build.0 = Release|Any CPU
	EndGlobalSection
	GlobalSection(SolutionProperties) = preSolution
		HideSolutionNode = FALSE
	EndGlobalSection
	GlobalSection(MonoDevelopProperties) = preSolution
		StartupItem = Assembly-CSharp.csproj
	EndGlobalSection
EndGlobal
